hash: 143897bc6972119203037a8b69427a037eacc6c561ad52a8835fc43997f87d8d
updated: 2017-01-06T12:48:42.019091316+08:00
imports:
- name: github.com/cutedogspark/go-deamon
  version: 4db1d53a5733a06abd84318f966163b33b162283
- name: github.com/dgrijalva/jwt-go
  version: 24c63f56522a87ec5339cc3567883f1039378fdb
- name: github.com/labstack/echo
  version: 8d504c1b699c757b267255c53b3e5219f9974abc
  subpackages:
  - middleware
- name: github.com/labstack/gommon
  version: 2d272df536d051e737aea353b86c979d6e88bce0
  subpackages:
  - bytes
  - color
  - log
  - random
- name: github.com/mattn/go-colorable
  version: ed8eb9e318d7a84ce5915b495b7d35e0cfe7b5a8
- name: github.com/mattn/go-isatty
  version: 66b8e73f3f5cda9f96b69efd03dd3d7fc4a5cdb8
- name: github.com/tylerb/graceful
  version: 4df1190835320af7076dfcf27b3d071fd3612caf
- name: github.com/valyala/fasttemplate
  version: 3b874956e03f1636d171bda64b130f9135f42cff
- name: golang.org/x/crypto
  version: 01be46f62051d02cb6a36c9b47b37b24e5758c81
  subpackages:
  - acme
  - acme/autocert
- name: golang.org/x/net
  version: 749a502dd1eaf3e5bfd4f8956748c502357c0bbe
  subpackages:
  - context
  - context/ctxhttp
- name: golang.org/x/sys
  version: 30de6d19a3bd89a5f38ae4028e23aaa5582648af
  subpackages:
  - unix
testImports: []
